
Microsoft Visual Studio Solution File, Format Version 12.00
# Visual Studio Version 17
VisualStudioVersion = 17.4.33213.308
MinimumVisualStudioVersion = 10.0.40219.1
Project("{FAE04EC0-301F-11D3-BF4B-00C04F79EFBC}") = "AfreshLock", "AfreshLock.csproj", "{AB13687E-9260-4DC6-9B5B-A058B862DA21}"
EndProject
Global
	GlobalSection(SolutionConfigurationPlatforms) = preSolution
		Debug|Any CPU = Debug|Any CPU
		Release|Any CPU = Release|Any CPU
	EndGlobalSection
	GlobalSection(ProjectConfigurationPlatforms) = postSolution
		{AB13687E-9260-4DC6-9B5B-A058B862DA21}.Debug|Any CPU.ActiveCfg = Debug|Any CPU
		{AB13687E-9260-4DC6-9B5B-A058B862DA21}.Debug|Any CPU.Build.0 = Debug|Any CPU
		{AB13687E-9260-4DC6-9B5B-A058B862DA21}.Release|Any CPU.ActiveCfg = Release|Any CPU
		{AB13687E-9260-4DC6-9B5B-A058B862DA21}.Release|Any CPU.Build.0 = Release|Any CPU
	EndGlobalSection
	GlobalSection(SolutionProperties) = preSolution
		HideSolutionNode = FALSE
	EndGlobalSection
	GlobalSection(ExtensibilityGlobals) = postSolution
		SolutionGuid = {B11B9FFB-C6C8-44C7-8E43-E25BEEEAA6F5}
	EndGlobalSection
EndGlobal
